RESTRICTION: == netstandard2.0
NUGET
  remote: https://api.nuget.org/v3/index.json
    Microsoft.Bcl.AsyncInterfaces (1.1.1)
      System.Threading.Tasks.Extensions (>= 4.5.4)
    Microsoft.CSharp (4.7)
    Microsoft.Extensions.Configuration (3.1.32)
      Microsoft.Extensions.Configuration.Abstractions (>= 3.1.32)
    Microsoft.Extensions.Configuration.Abstractions (3.1.32)
      Microsoft.Extensions.Primitives (>= 3.1.32)
    Microsoft.Extensions.Configuration.Binder (3.1.32)
      Microsoft.Extensions.Configuration (>= 3.1.32)
    Microsoft.Extensions.Configuration.CommandLine (3.1.32)
      Microsoft.Extensions.Configuration (>= 3.1.32)
    Microsoft.Extensions.Configuration.EnvironmentVariables (3.1.32)
      Microsoft.Extensions.Configuration (>= 3.1.32)
    Microsoft.Extensions.Configuration.FileExtensions (3.1.32)
      Microsoft.Extensions.Configuration (>= 3.1.32)
      Microsoft.Extensions.FileProviders.Physical (>= 3.1.32)
    Microsoft.Extensions.Configuration.Json (3.1.32)
      Microsoft.Extensions.Configuration (>= 3.1.32)
      Microsoft.Extensions.Configuration.FileExtensions (>= 3.1.32)
      System.Text.Encodings.Web (>= 4.7.2)
      System.Text.Json (>= 4.7.2)
      System.Threading.Tasks.Extensions (>= 4.5.4)
    Microsoft.Extensions.Configuration.UserSecrets (3.1.32)
      Microsoft.Extensions.Configuration.Json (>= 3.1.32)
    Microsoft.Extensions.DependencyInjection (3.1.32)
      Microsoft.Bcl.AsyncInterfaces (>= 1.1.1)
      Microsoft.Extensions.DependencyInjection.Abstractions (>= 3.1.32)
    Microsoft.Extensions.DependencyInjection.Abstractions (5.0)
    Microsoft.Extensions.DependencyModel (3.1.25)
      System.Text.Encodings.Web (>= 4.7.2)
      System.Text.Json (>= 4.7.2)
    Microsoft.Extensions.FileProviders.Abstractions (10.0.1)
      Microsoft.Extensions.Primitives (>= 10.0.1)
    Microsoft.Extensions.FileProviders.Physical (10.0.1)
      Microsoft.Extensions.FileProviders.Abstractions (>= 10.0.1)
      Microsoft.Extensions.FileSystemGlobbing (>= 10.0.1)
      Microsoft.Extensions.Primitives (>= 10.0.1)
    Microsoft.Extensions.FileSystemGlobbing (10.0.1)
    Microsoft.Extensions.Hosting (3.1.32)
      Microsoft.Bcl.AsyncInterfaces (>= 1.1.1)
      Microsoft.Extensions.Configuration (>= 3.1.32)
      Microsoft.Extensions.Configuration.CommandLine (>= 3.1.32)
      Microsoft.Extensions.Configuration.EnvironmentVariables (>= 3.1.32)
      Microsoft.Extensions.Configuration.UserSecrets (>= 3.1.32)
      Microsoft.Extensions.DependencyInjection (>= 3.1.32)
      Microsoft.Extensions.FileProviders.Physical (>= 3.1.32)
      Microsoft.Extensions.Hosting.Abstractions (>= 3.1.32)
      Microsoft.Extensions.Logging (>= 3.1.32)
      Microsoft.Extensions.Logging.Console (>= 3.1.32)
      Microsoft.Extensions.Logging.Debug (>= 3.1.32)
      Microsoft.Extensions.Logging.EventLog (>= 3.1.32)
      Microsoft.Extensions.Logging.EventSource (>= 3.1.32)
    Microsoft.Extensions.Hosting.Abstractions (3.1.32)
      Microsoft.Bcl.AsyncInterfaces (>= 1.1.1)
      Microsoft.Extensions.Configuration.Abstractions (>= 3.1.32)
      Microsoft.Extensions.DependencyInjection.Abstractions (>= 3.1.32)
      Microsoft.Extensions.FileProviders.Abstractions (>= 3.1.32)
      Microsoft.Extensions.Logging.Abstractions (>= 3.1.32)
    Microsoft.Extensions.Logging (3.1.32)
      Microsoft.Extensions.Configuration.Binder (>= 3.1.32)
      Microsoft.Extensions.DependencyInjection (>= 3.1.32)
      Microsoft.Extensions.Logging.Abstractions (>= 3.1.32)
      Microsoft.Extensions.Options (>= 3.1.32)
    Microsoft.Extensions.Logging.Abstractions (7.0.1)
      System.Buffers (>= 4.5.1)
      System.Memory (>= 4.5.5)
    Microsoft.Extensions.Logging.Configuration (3.1.32)
      Microsoft.Extensions.Logging (>= 3.1.32)
      Microsoft.Extensions.Options.ConfigurationExtensions (>= 3.1.32)
    Microsoft.Extensions.Logging.Console (3.1.32)
      Microsoft.Extensions.Configuration.Abstractions (>= 3.1.32)
      Microsoft.Extensions.Logging (>= 3.1.32)
      Microsoft.Extensions.Logging.Configuration (>= 3.1.32)
    Microsoft.Extensions.Logging.Debug (3.1.32)
      Microsoft.Extensions.Logging (>= 3.1.32)
    Microsoft.Extensions.Logging.EventLog (3.1.32)
      Microsoft.Extensions.Logging (>= 3.1.32)
      System.Diagnostics.EventLog (>= 4.7)
    Microsoft.Extensions.Logging.EventSource (3.1.32)
      Microsoft.Extensions.Logging (>= 3.1.32)
      System.Text.Encodings.Web (>= 4.7.2)
      System.Text.Json (>= 4.7.2)
      System.Threading.Tasks.Extensions (>= 4.5.4)
    Microsoft.Extensions.Options (5.0)
      Microsoft.Extensions.DependencyInjection.Abstractions (>= 5.0)
      Microsoft.Extensions.Primitives (>= 5.0)
    Microsoft.Extensions.Options.ConfigurationExtensions (3.1.32)
      Microsoft.Extensions.Configuration.Abstractions (>= 3.1.32)
      Microsoft.Extensions.Configuration.Binder (>= 3.1.32)
      Microsoft.Extensions.DependencyInjection.Abstractions (>= 3.1.32)
      Microsoft.Extensions.Options (>= 3.1.32)
    Microsoft.Extensions.Primitives (10.0.1)
      System.Memory (>= 4.6.3)
      System.Runtime.CompilerServices.Unsafe (>= 6.1.2)
    Newtonsoft.Json (13.0.4)
    PowerShellStandard.Library (5.1.1)
    Serilog (4.3)
      System.Diagnostics.DiagnosticSource (>= 8.0.1)
      System.Threading.Channels (>= 8.0)
    Serilog.Enrichers.Environment (3.0.1)
      Serilog (>= 4.0)
    Serilog.Enrichers.GlobalLogContext (3.0)
      Serilog (>= 2.12)
    Serilog.Enrichers.Thread (4.0)
      Serilog (>= 4.0)
    Serilog.Exceptions (8.4)
      Serilog (>= 2.8)
      System.Reflection.TypeExtensions (>= 4.7)
    Serilog.Expressions (5.0)
      Serilog (>= 4.0)
    Serilog.Extensions.Hosting (3.1)
      Microsoft.Extensions.DependencyInjection.Abstractions (>= 2.1)
      Microsoft.Extensions.Hosting.Abstractions (>= 2.1)
      Microsoft.Extensions.Logging.Abstractions (>= 2.1)
      Serilog (>= 2.8)
      Serilog.Extensions.Logging (>= 3.0.1)
    Serilog.Extensions.Logging (3.1)
      Microsoft.Extensions.Logging (>= 2.0)
      Serilog (>= 2.9)
    Serilog.Formatting.Compact (3.0)
      Serilog (>= 4.0)
    Serilog.Formatting.Compact.Reader (4.0)
      Newtonsoft.Json (>= 13.0.3)
      Serilog (>= 4.0)
    Serilog.Settings.Configuration (3.4)
      Microsoft.Extensions.Configuration.Binder (>= 2.0)
      Microsoft.Extensions.DependencyModel (>= 3.0)
      Serilog (>= 2.10)
    Serilog.Sinks.Async (2.1)
      Serilog (>= 4.1)
    Serilog.Sinks.Console (6.1.1)
      Serilog (>= 4.0)
    Serilog.Sinks.Debug (3.0)
      Serilog (>= 4.0)
    Serilog.Sinks.File (7.0)
      Serilog (>= 4.2)
    Serilog.Sinks.Map (2.0)
      Serilog (>= 4.0)
    Serilog.Sinks.Spectre (0.5)
      Serilog (>= 3.1.1)
      Spectre.Console (>= 0.49.1)
    Serilog.Sinks.TextWriter (3.0)
      Serilog (>= 4.0)
    Spectre.Console (0.54)
      System.Memory (>= 4.6.3)
    Spectre.Console.Cli (0.53.1)
      Spectre.Console (>= 0.53.1)
    Spectre.Console.Json (0.54)
      Spectre.Console (>= 0.54)
    System.Buffers (4.6.1)
    System.Diagnostics.DiagnosticSource (10.0.1)
      System.Memory (>= 4.6.3)
      System.Runtime.CompilerServices.Unsafe (>= 6.1.2)
    System.Diagnostics.EventLog (10.0.1)
      System.Security.Principal.Windows (>= 5.0)
    System.Memory (4.6.3)
      System.Buffers (>= 4.6.1)
      System.Numerics.Vectors (>= 4.6.1)
      System.Runtime.CompilerServices.Unsafe (>= 6.1.2)
    System.Numerics.Vectors (4.6.1)
    System.Reflection.TypeExtensions (4.7)
    System.Runtime.CompilerServices.Unsafe (6.1.2)
    System.Security.Principal.Windows (5.0)
    System.Text.Encodings.Web (10.0.1)
      System.Buffers (>= 4.6.1)
      System.Memory (>= 4.6.3)
      System.Runtime.CompilerServices.Unsafe (>= 6.1.2)
    System.Text.Json (4.7.2)
      Microsoft.Bcl.AsyncInterfaces (>= 1.1)
      System.Buffers (>= 4.5.1)
      System.Memory (>= 4.5.4)
      System.Numerics.Vectors (>= 4.5)
      System.Runtime.CompilerServices.Unsafe (>= 4.7.1)
      System.Text.Encodings.Web (>= 4.7.1)
      System.Threading.Tasks.Extensions (>= 4.5.4)
    System.Threading.Channels (8.0)
      System.Threading.Tasks.Extensions (>= 4.5.4)
    System.Threading.Tasks.Extensions (4.6.3)
      System.Runtime.CompilerServices.Unsafe (>= 6.1.2)
